// !$*UTF8*$!
{
	archiveVersion = 1;
	classes = {
	};
	objectVersion = 51;
	objects = {

/* Begin PBXBuildFile section */
		0043E1FA134EA5325A205B76 /* Pods_GHNetwork_iOS.framework in Frameworks */ = {isa = PBXBuildFile; fileRef = E9F3465E106E19DC5087B635 /* Pods_GHNetwork_iOS.framework */; };
		5B47591422BCBA54003A0A64 /* AppDelegate.m in Sources */ = {isa = PBXBuildFile; fileRef = 5B47591322BCBA54003A0A64 /* AppDelegate.m */; };
		5B47591722BCBA54003A0A64 /* ViewController.m in Sources */ = {isa = PBXBuildFile; fileRef = 5B47591622BCBA54003A0A64 /* ViewController.m */; };
		5B47591A22BCBA54003A0A64 /* Main.storyboard in Resources */ = {isa = PBXBuildFile; fileRef = 5B47591822BCBA54003A0A64 /* Main.storyboard */; };
		5B47591C22BCBA57003A0A64 /* Assets.xcassets in Resources */ = {isa = PBXBuildFile; fileRef = 5B47591B22BCBA57003A0A64 /* Assets.xcassets */; };
		5B47591F22BCBA57003A0A64 /* LaunchScreen.storyboard in Resources */ = {isa = PBXBuildFile; fileRef = 5B47591D22BCBA57003A0A64 /* LaunchScreen.storyboard */; };
		5B47592222BCBA57003A0A64 /* main.m in Sources */ = {isa = PBXBuildFile; fileRef = 5B47592122BCBA57003A0A64 /* main.m */; };
		5B47592B22BCC3EC003A0A64 /* NetworkHandler.m in Sources */ = {isa = PBXBuildFile; fileRef = 5B47592A22BCC3EC003A0A64 /* NetworkHandler.m */; };
		5B47593322BCE110003A0A64 /* TestRequest.m in Sources */ = {isa = PBXBuildFile; fileRef = 5B47593222BCE110003A0A64 /* TestRequest.m */; };
/* End PBXBuildFile section */

/* Begin PBXFileReference section */
		186DB6CDBF5A65517BF4476E /* Pods-GHNetwork-iOS.release.xcconfig */ = {isa = PBXFileReference; includeInIndex = 1; lastKnownFileType = text.xcconfig; name = "Pods-GHNetwork-iOS.release.xcconfig"; path = "Target Support Files/Pods-GHNetwork-iOS/Pods-GHNetwork-iOS.release.xcconfig"; sourceTree = "<group>"; };
		5B47590F22BCBA54003A0A64 /* GHNetwork-iOS.app */ = {isa = PBXFileReference; explicitFileType = wrapper.application; includeInIndex = 0; path = "GHNetwork-iOS.app"; sourceTree = BUILT_PRODUCTS_DIR; };
		5B47591222BCBA54003A0A64 /* AppDelegate.h */ = {isa = PBXFileReference; lastKnownFileType = sourcecode.c.h; path = AppDelegate.h; sourceTree = "<group>"; };
		5B47591322BCBA54003A0A64 /* AppDelegate.m */ = {isa = PBXFileReference; lastKnownFileType = sourcecode.c.objc; path = AppDelegate.m; sourceTree = "<group>"; };
		5B47591522BCBA54003A0A64 /* ViewController.h */ = {isa = PBXFileReference; lastKnownFileType = sourcecode.c.h; path = ViewController.h; sourceTree = "<group>"; };
		5B47591622BCBA54003A0A64 /* ViewController.m */ = {isa = PBXFileReference; lastKnownFileType = sourcecode.c.objc; path = ViewController.m; sourceTree = "<group>"; };
		5B47591922BCBA54003A0A64 /* Base */ = {isa = PBXFileReference; lastKnownFileType = file.storyboard; name = Base; path = Base.lproj/Main.storyboard; sourceTree = "<group>"; };
		5B47591B22BCBA57003A0A64 /* Assets.xcassets */ = {isa = PBXFileReference; lastKnownFileType = folder.assetcatalog; path = Assets.xcassets; sourceTree = "<group>"; };
		5B47591E22BCBA57003A0A64 /* Base */ = {isa = PBXFileReference; lastKnownFileType = file.storyboard; name = Base; path = Base.lproj/LaunchScreen.storyboard; sourceTree = "<group>"; };
		5B47592022BCBA57003A0A64 /* Info.plist */ = {isa = PBXFileReference; lastKnownFileType = text.plist.xml; path = Info.plist; sourceTree = "<group>"; };
		5B47592122BCBA57003A0A64 /* main.m */ = {isa = PBXFileReference; lastKnownFileType = sourcecode.c.objc; path = main.m; sourceTree = "<group>"; };
		5B47592922BCC3EC003A0A64 /* NetworkHandler.h */ = {isa = PBXFileReference; lastKnownFileType = sourcecode.c.h; path = NetworkHandler.h; sourceTree = "<group>"; };
		5B47592A22BCC3EC003A0A64 /* NetworkHandler.m */ = {isa = PBXFileReference; lastKnownFileType = sourcecode.c.objc; path = NetworkHandler.m; sourceTree = "<group>"; };
		5B47593122BCE110003A0A64 /* TestRequest.h */ = {isa = PBXFileReference; lastKnownFileType = sourcecode.c.h; path = TestRequest.h; sourceTree = "<group>"; };
		5B47593222BCE110003A0A64 /* TestRequest.m */ = {isa = PBXFileReference; lastKnownFileType = sourcecode.c.objc; path = TestRequest.m; sourceTree = "<group>"; };
		68C24682549360D37E1DAFB4 /* Pods-GHNetwork-iOS.debug.xcconfig */ = {isa = PBXFileReference; includeInIndex = 1; lastKnownFileType = text.xcconfig; name = "Pods-GHNetwork-iOS.debug.xcconfig"; path = "Target Support Files/Pods-GHNetwork-iOS/Pods-GHNetwork-iOS.debug.xcconfig"; sourceTree = "<group>"; };
		E9F3465E106E19DC5087B635 /* Pods_GHNetwork_iOS.framework */ = {isa = PBXFileReference; explicitFileType = wrapper.framework; includeInIndex = 0; path = Pods_GHNetwork_iOS.framework; sourceTree = BUILT_PRODUCTS_DIR; };
/* End PBXFileReference section */

/* Begin PBXFrameworksBuildPhase section */
		5B47590C22BCBA54003A0A64 /* Frameworks */ = {
			isa = PBXFrameworksBuildPhase;
			buildActionMask = 2147483647;
			files = (
				0043E1FA134EA5325A205B76 /* Pods_GHNetwork_iOS.framework in Frameworks */,
			);
			runOnlyForDeploymentPostprocessing = 0;
		};
/* End PBXFrameworksBuildPhase section */

/* Begin PBXGroup section */
		5B47590622BCBA54003A0A64 = {
			isa = PBXGroup;
			children = (
				5B47591122BCBA54003A0A64 /* GHNetwork-iOS */,
				5B47591022BCBA54003A0A64 /* Products */,
				CAEDD62309AF9BAC715D1DD8 /* Pods */,
				849995E9E7D3E38CAB0DF483 /* Frameworks */,
			);
			sourceTree = "<group>";
		};
		5B47591022BCBA54003A0A64 /* Products */ = {
			isa = PBXGroup;
			children = (
				5B47590F22BCBA54003A0A64 /* GHNetwork-iOS.app */,
			);
			name = Products;
			sourceTree = "<group>";
		};
		5B47591122BCBA54003A0A64 /* GHNetwork-iOS */ = {
			isa = PBXGroup;
			children = (
				5B47592922BCC3EC003A0A64 /* NetworkHandler.h */,
				5B47592A22BCC3EC003A0A64 /* NetworkHandler.m */,
				5B47593122BCE110003A0A64 /* TestRequest.h */,
				5B47593222BCE110003A0A64 /* TestRequest.m */,
				5B47591222BCBA54003A0A64 /* AppDelegate.h */,
				5B47591322BCBA54003A0A64 /* AppDelegate.m */,
				5B47591522BCBA54003A0A64 /* ViewController.h */,
				5B47591622BCBA54003A0A64 /* ViewController.m */,
				5B47591822BCBA54003A0A64 /* Main.storyboard */,
				5B47591B22BCBA57003A0A64 /* Assets.xcassets */,
				5B47591D22BCBA57003A0A64 /* LaunchScreen.storyboard */,
				5B47592022BCBA57003A0A64 /* Info.plist */,
				5B47592122BCBA57003A0A64 /* main.m */,
			);
			path = "GHNetwork-iOS";
			sourceTree = "<group>";
		};
		849995E9E7D3E38CAB0DF483 /* Frameworks */ = {
			isa = PBXGroup;
			children = (
				E9F3465E106E19DC5087B635 /* Pods_GHNetwork_iOS.framework */,
			);
			name = Frameworks;
			sourceTree = "<group>";
		};
		CAEDD62309AF9BAC715D1DD8 /* Pods */ = {
			isa = PBXGroup;
			children = (
				68C24682549360D37E1DAFB4 /* Pods-GHNetwork-iOS.debug.xcconfig */,
				186DB6CDBF5A65517BF4476E /* Pods-GHNetwork-iOS.release.xcconfig */,
			);
			path = Pods;
			sourceTree = "<group>";
		};
/* End PBXGroup section */

/* Begin PBXNativeTarget section */
		5B47590E22BCBA54003A0A64 /* GHNetwork-iOS */ = {
			isa = PBXNativeTarget;
			buildConfigurationList = 5B47592522BCBA57003A0A64 /* Build configuration list for PBXNativeTarget "GHNetwork-iOS" */;
			buildPhases = (
				A25B0EFFAED19C1FFBE35369 /* [CP] Check Pods Manifest.lock */,
				5B47590B22BCBA54003A0A64 /* Sources */,
				5B47590C22BCBA54003A0A64 /* Frameworks */,
				5B47590D22BCBA54003A0A64 /* Resources */,
				FA558DE760BC513878CAA28A /* [CP] Embed Pods Frameworks */,
			);
			buildRules = (
			);
			dependencies = (
			);
			name = "GHNetwork-iOS";
			productName = "GHNetwork-iOS";
			productReference = 5B47590F22BCBA54003A0A64 /* GHNetwork-iOS.app */;
			productType = "com.apple.product-type.application";
		};
/* End PBXNativeTarget section */

/* Begin PBXProject section */
		5B47590722BCBA54003A0A64 /* Project object */ = {
			isa = PBXProject;
			attributes = {
				LastUpgradeCheck = 1020;
				ORGANIZATIONNAME = Emucoo;
				TargetAttributes = {
					5B47590E22BCBA54003A0A64 = {
						CreatedOnToolsVersion = 10.2.1;
					};
				};
			};
			buildConfigurationList = 5B47590A22BCBA54003A0A64 /* Build configuration list for PBXProject "GHNetwork-iOS" */;
			compatibilityVersion = "Xcode 9.3";
			developmentRegion = en;
			hasScannedForEncodings = 0;
			knownRegions = (
				en,
				Base,
			);
			mainGroup = 5B47590622BCBA54003A0A64;
			productRefGroup = 5B47591022BCBA54003A0A64 /* Products */;
			projectDirPath = "";
			projectRoot = "";
			targets = (
				5B47590E22BCBA54003A0A64 /* GHNetwork-iOS */,
			);
		};
/* End PBXProject section */

/* Begin PBXResourcesBuildPhase section */
		5B47590D22BCBA54003A0A64 /* Resources */ = {
			isa = PBXResourcesBuildPhase;
			buildActionMask = 2147483647;
			files = (
				5B47591F22BCBA57003A0A64 /* LaunchScreen.storyboard in Resources */,
				5B47591C22BCBA57003A0A64 /* Assets.xcassets in Resources */,
				5B47591A22BCBA54003A0A64 /* Main.storyboard in Resources */,
			);
			runOnlyForDeploymentPostprocessing = 0;
		};
/* End PBXResourcesBuildPhase section */

/* Begin PBXShellScriptBuildPhase section */
		A25B0EFFAED19C1FFBE35369 /* [CP] Check Pods Manifest.lock */ = {
			isa = PBXShellScriptBuildPhase;
			buildActionMask = 2147483647;
			files = (
			);
			inputFileListPaths = (
			);
			inputPaths = (
				"${PODS_PODFILE_DIR_PATH}/Podfile.lock",
				"${PODS_ROOT}/Manifest.lock",
			);
			name = "[CP] Check Pods Manifest.lock";
			outputFileListPaths = (
			);
			outputPaths = (
				"$(DERIVED_FILE_DIR)/Pods-GHNetwork-iOS-checkManifestLockResult.txt",
			);
			runOnlyForDeploymentPostprocessing = 0;
			shellPath = /bin/sh;
			shellScript = "diff \"${PODS_PODFILE_DIR_PATH}/Podfile.lock\" \"${PODS_ROOT}/Manifest.lock\" > /dev/null\nif [ $? != 0 ] ; then\n    # print error to STDERR\n    echo \"error: The sandbox is not in sync with the Podfile.lock. Run 'pod install' or update your CocoaPods installation.\" >&2\n    exit 1\nfi\n# This output is used by Xcode 'outputs' to avoid re-running this script phase.\necho \"SUCCESS\" > \"${SCRIPT_OUTPUT_FILE_0}\"\n";
			showEnvVarsInLog = 0;
		};
		FA558DE760BC513878CAA28A /* [CP] Embed Pods Frameworks */ = {
			isa = PBXShellScriptBuildPhase;
			buildActionMask = 2147483647;
			files = (
			);
			inputFileListPaths = (
				"${PODS_ROOT}/Target Support Files/Pods-GHNetwork-iOS/Pods-GHNetwork-iOS-frameworks-${CONFIGURATION}-input-files.xcfilelist",
			);
			name = "[CP] Embed Pods Frameworks";
			outputFileListPaths = (
				"${PODS_ROOT}/Target Support Files/Pods-GHNetwork-iOS/Pods-GHNetwork-iOS-frameworks-${CONFIGURATION}-output-files.xcfilelist",
			);
			runOnlyForDeploymentPostprocessing = 0;
			shellPath = /bin/sh;
			shellScript = "\"${PODS_ROOT}/Target Support Files/Pods-GHNetwork-iOS/Pods-GHNetwork-iOS-frameworks.sh\"\n";
			showEnvVarsInLog = 0;
		};
/* End PBXShellScriptBuildPhase section */

/* Begin PBXSourcesBuildPhase section */
		5B47590B22BCBA54003A0A64 /* Sources */ = {
			isa = PBXSourcesBuildPhase;
			buildActionMask = 2147483647;
			files = (
				5B47591722BCBA54003A0A64 /* ViewController.m in Sources */,
				5B47592222BCBA57003A0A64 /* main.m in Sources */,
				5B47593322BCE110003A0A64 /* TestRequest.m in Sources */,
				5B47591422BCBA54003A0A64 /* AppDelegate.m in Sources */,
				5B47592B22BCC3EC003A0A64 /* NetworkHandler.m in Sources */,
			);
			runOnlyForDeploymentPostprocessing = 0;
		};
/* End PBXSourcesBuildPhase section */

/* Begin PBXVariantGroup section */
		5B47591822BCBA54003A0A64 /* Main.storyboard */ = {
			isa = PBXVariantGroup;
			children = (
				5B47591922BCBA54003A0A64 /* Base */,
			);
			name = Main.storyboard;
			sourceTree = "<group>";
		};
		5B47591D22BCBA57003A0A64 /* LaunchScreen.storyboard */ = {
			isa = PBXVariantGroup;
			children = (
				5B47591E22BCBA57003A0A64 /* Base */,
			);
			name = LaunchScreen.storyboard;
			sourceTree = "<group>";
		};
/* End PBXVariantGroup section */

/* Begin XCBuildConfiguration section */
		5B47592322BCBA57003A0A64 /* Debug */ = {
			isa = XCBuildConfiguration;
			buildSettings = {
				ALWAYS_SEARCH_USER_PATHS = NO;
				CLANG_ANALYZER_NONNULL = YES;
				CLANG_ANALYZER_NUMBER_OBJECT_CONVERSION = YES_AGGRESSIVE;
				CLANG_CXX_LANGUAGE_STANDARD = "gnu++14";
				CLANG_CXX_LIBRARY = "libc++";
				CLANG_ENABLE_MODULES = YES;
				CLANG_ENABLE_OBJC_ARC = YES;
				CLANG_ENABLE_OBJC_WEAK = YES;
				CLANG_WARN_BLOCK_CAPTURE_AUTORELEASING = YES;
				CLANG_WARN_BOOL_CONVERSION = YES;
				CLANG_WARN_COMMA = YES;
				CLANG_WARN_CONSTANT_CONVERSION = YES;
				CLANG_WARN_DEPRECATED_OBJC_IMPLEMENTATIONS = YES;
				CLANG_WARN_DIRECT_OBJC_ISA_USAGE = YES_ERROR;
				CLANG_WARN_DOCUMENTATION_COMMENTS = YES;
				CLANG_WARN_EMPTY_BODY = YES;
				CLANG_WARN_ENUM_CONVERSION = YES;
				CLANG_WARN_INFINITE_RECURSION = YES;
				CLANG_WARN_INT_CONVERSION = YES;
				CLANG_WARN_NON_LITERAL_NULL_CONVERSION = YES;
				CLANG_WARN_OBJC_IMPLICIT_RETAIN_SELF = YES;
				CLANG_WARN_OBJC_LITERAL_CONVERSION = YES;
				CLANG_WARN_OBJC_ROOT_CLASS = YES_ERROR;
				CLANG_WARN_RANGE_LOOP_ANALYSIS = YES;
				CLANG_WARN_STRICT_PROTOTYPES = YES;
				CLANG_WARN_SUSPICIOUS_MOVE = YES;
				CLANG_WARN_UNGUARDED_AVAILABILITY = YES_AGGRESSIVE;
				CLANG_WARN_UNREACHABLE_CODE = YES;
				CLANG_WARN__DUPLICATE_METHOD_MATCH = YES;
				CODE_SIGN_IDENTITY = "iPhone Developer";
				COPY_PHASE_STRIP = NO;
				DEBUG_INFORMATION_FORMAT = dwarf;
				ENABLE_STRICT_OBJC_MSGSEND = YES;
				ENABLE_TESTABILITY = YES;
				GCC_C_LANGUAGE_STANDARD = gnu11;
				GCC_DYNAMIC_NO_PIC = NO;
				GCC_NO_COMMON_BLOCKS = YES;
				GCC_OPTIMIZATION_LEVEL = 0;
				GCC_PREPROCESSOR_DEFINITIONS = (
					"DEBUG=1",
					"$(inherited)",
				);
				GCC_WARN_64_TO_32_BIT_CONVERSION = YES;
				GCC_WARN_ABOUT_RETURN_TYPE = YES_ERROR;
				GCC_WARN_UNDECLARED_SELECTOR = YES;
				GCC_WARN_UNINITIALIZED_AUTOS = YES_AGGRESSIVE;
				GCC_WARN_UNUSED_FUNCTION = YES;
				GCC_WARN_UNUSED_VARIABLE = YES;
				IPHONEOS_DEPLOYMENT_TARGET = 12.2;
				MTL_ENABLE_DEBUG_INFO = INCLUDE_SOURCE;
				MTL_FAST_MATH = YES;
				ONLY_ACTIVE_ARCH = YES;
				SDKROOT = iphoneos;
			};
			name = Debug;
		};
		5B47592422BCBA57003A0A64 /* Release */ = {
			isa = XCBuildConfiguration;
			buildSettings = {
				ALWAYS_SEARCH_USER_PATHS = NO;
				CLANG_ANALYZER_NONNULL = YES;
				CLANG_ANALYZER_NUMBER_OBJECT_CONVERSION = YES_AGGRESSIVE;
				CLANG_CXX_LANGUAGE_STANDARD = "gnu++14";
				CLANG_CXX_LIBRARY = "libc++";
				CLANG_ENABLE_MODULES = YES;
				CLANG_ENABLE_OBJC_ARC = YES;
				CLANG_ENABLE_OBJC_WEAK = YES;
				CLANG_WARN_BLOCK_CAPTURE_AUTORELEASING = YES;
				CLANG_WARN_BOOL_CONVERSION = YES;
				CLANG_WARN_COMMA = YES;
				CLANG_WARN_CONSTANT_CONVERSION = YES;
				CLANG_WARN_DEPRECATED_OBJC_IMPLEMENTATIONS = YES;
				CLANG_WARN_DIRECT_OBJC_ISA_USAGE = YES_ERROR;
				CLANG_WARN_DOCUMENTATION_COMMENTS = YES;
				CLANG_WARN_EMPTY_BODY = YES;
				CLANG_WARN_ENUM_CONVERSION = YES;
				CLANG_WARN_INFINITE_RECURSION = YES;
				CLANG_WARN_INT_CONVERSION = YES;
				CLANG_WARN_NON_LITERAL_NULL_CONVERSION = YES;
				CLANG_WARN_OBJC_IMPLICIT_RETAIN_SELF = YES;
				CLANG_WARN_OBJC_LITERAL_CONVERSION = YES;
				CLANG_WARN_OBJC_ROOT_CLASS = YES_ERROR;
				CLANG_WARN_RANGE_LOOP_ANALYSIS = YES;
				CLANG_WARN_STRICT_PROTOTYPES = YES;
				CLANG_WARN_SUSPICIOUS_MOVE = YES;
				CLANG_WARN_UNGUARDED_AVAILABILITY = YES_AGGRESSIVE;
				CLANG_WARN_UNREACHABLE_CODE = YES;
				CLANG_WARN__DUPLICATE_METHOD_MATCH = YES;
				CODE_SIGN_IDENTITY = "iPhone Developer";
				COPY_PHASE_STRIP = NO;
				DEBUG_INFORMATION_FORMAT = "dwarf-with-dsym";
				ENABLE_NS_ASSERTIONS = NO;
				ENABLE_STRICT_OBJC_MSGSEND = YES;
				GCC_C_LANGUAGE_STANDARD = gnu11;
				GCC_NO_COMMON_BLOCKS = YES;
				GCC_WARN_64_TO_32_BIT_CONVERSION = YES;
				GCC_WARN_ABOUT_RETURN_TYPE = YES_ERROR;
				GCC_WARN_UNDECLARED_SELECTOR = YES;
				GCC_WARN_UNINITIALIZED_AUTOS = YES_AGGRESSIVE;
				GCC_WARN_UNUSED_FUNCTION = YES;
				GCC_WARN_UNUSED_VARIABLE = YES;
				IPHONEOS_DEPLOYMENT_TARGET = 12.2;
				MTL_ENABLE_DEBUG_INFO = NO;
				MTL_FAST_MATH = YES;
				SDKROOT = iphoneos;
				VALIDATE_PRODUCT = YES;
			};
			name = Release;
		};
		5B47592622BCBA57003A0A64 /* Debug */ = {
			isa = XCBuildConfiguration;
			baseConfigurationReference = 68C24682549360D37E1DAFB4 /* Pods-GHNetwork-iOS.debug.xcconfig */;
			buildSettings = {
				ASSETCATALOG_COMPILER_APPICON_NAME = AppIcon;
				CODE_SIGN_STYLE = Automatic;
				DEVELOPMENT_TEAM = DCBW8CKASN;
				INFOPLIST_FILE = "GHNetwork-iOS/Info.plist";
				LD_RUNPATH_SEARCH_PATHS = (
					"$(inherited)",
					"@executable_path/Frameworks",
				);
				PRODUCT_BUNDLE_IDENTIFIER = "com.emucoo.GHNetwork-iOS";
				PRODUCT_NAME = "$(TARGET_NAME)";
				TARGETED_DEVICE_FAMILY = "1,2";
			};
			name = Debug;
		};
		5B47592722BCBA57003A0A64 /* Release */ = {
			isa = XCBuildConfiguration;
			baseConfigurationReference = 186DB6CDBF5A65517BF4476E /* Pods-GHNetwork-iOS.release.xcconfig */;
			buildSettings = {
				ASSETCATALOG_COMPILER_APPICON_NAME = AppIcon;
				CODE_SIGN_STYLE = Automatic;
				DEVELOPMENT_TEAM = DCBW8CKASN;
				INFOPLIST_FILE = "GHNetwork-iOS/Info.plist";
				LD_RUNPATH_SEARCH_PATHS = (
					"$(inherited)",
					"@executable_path/Frameworks",
				);
				PRODUCT_BUNDLE_IDENTIFIER = "com.emucoo.GHNetwork-iOS";
				PRODUCT_NAME = "$(TARGET_NAME)";
				TARGETED_DEVICE_FAMILY = "1,2";
			};
			name = Release;
		};
/* End XCBuildConfiguration section */

/* Begin XCConfigurationList section */
		5B47590A22BCBA54003A0A64 /* Build configuration list for PBXProject "GHNetwork-iOS" */ = {
			isa = XCConfigurationList;
			buildConfigurations = (
				5B47592322BCBA57003A0A64 /* Debug */,
				5B47592422BCBA57003A0A64 /* Release */,
			);
			defaultConfigurationIsVisible = 0;
			defaultConfigurationName = Release;
		};
		5B47592522BCBA57003A0A64 /* Build configuration list for PBXNativeTarget "GHNetwork-iOS" */ = {
			isa = XCConfigurationList;
			buildConfigurations = (
				5B47592622BCBA57003A0A64 /* Debug */,
				5B47592722BCBA57003A0A64 /* Release */,
			);
			defaultConfigurationIsVisible = 0;
			defaultConfigurationName = Release;
		};
/* End XCConfigurationList section */
	};
	rootObject = 5B47590722BCBA54003A0A64 /* Project object */;
}
