PODS:
  - AFNetworking (4.0.0):
    - AFNetworking/NSURLSession (= 4.0.0)
    - AFNetworking/Reachability (= 4.0.0)
    - AFNetworking/Security (= 4.0.0)
    - AFNetworking/Serialization (= 4.0.0)
    - AFNetworking/UIKit (= 4.0.0)
  - AFNetworking/NSURLSession (4.0.0):
    - AFNetworking/Reachability
    - AFNetworking/Security
    - AFNetworking/Serialization
  - AFNetworking/Reachability (4.0.0)
  - AFNetworking/Security (4.0.0)
  - AFNetworking/Serialization (4.0.0)
  - AFNetworking/UIKit (4.0.0):
    - AFNetworking/NSURLSession
  - GHNetwork (1.0.4):
    - AFNetworking (~> 4.0.0)
    - GHNetwork/Network (= 1.0.4)
    - YTKNetwork (~> 3.0.6)
  - GHNetwork/Network (1.0.4):
    - AFNetworking (~> 4.0.0)
    - YTKNetwork (~> 3.0.6)
  - YTKNetwork (3.0.6):
    - AFNetworking/NSURLSession (~> 4.0)

DEPENDENCIES:
  - GHNetwork (from `../`)

SPEC REPOS:
  https://github.com/CocoaPods/Specs.git:
    - AFNetworking
    - YTKNetwork

EXTERNAL SOURCES:
  GHNetwork:
    :path: "../"

SPEC CHECKSUMS:
  AFNetworking: d9fdf484a3c723ec3c558a41cc5754c7e845ee77
  GHNetwork: 79853c8c49ff62042794ba1fae80b0506d3f380f
  YTKNetwork: c16be90b06be003de9e9cd0d3b187cc8eaf35c04

PODFILE CHECKSUM: 7fcf9b567d2168faee63bb7da811f362e2c538a0

COCOAPODS: 1.10.1
